
Microsoft Visual Studio Solution File, Format Version 12.00
# Visual Studio Version 16
VisualStudioVersion = 16.0.28407.52
MinimumVisualStudioVersion = 10.0.40219.1
Project("{9A19103F-16F7-4668-BE54-9A1E7A4F7556}") = "paule96.Onedrive.AlbumDownloader", "src\paule96.Onedrive.AlbumDownloader\paule96.Onedrive.AlbumDownloader.csproj", "{CDF34E25-B75B-4F49-977E-65123FD839D2}"
EndProject
Project("{2150E333-8FDC-42A3-9474-1A3956D46DE8}") = "src", "src", "{2C2235B5-3EE3-4DE9-89B7-1E4881B8A959}"
EndProject
Project("{2150E333-8FDC-42A3-9474-1A3956D46DE8}") = "Solution Items", "Solution Items", "{9D67FE0F-8D35-4449-93E1-7B21CDC2A403}"
	ProjectSection(SolutionItems) = preProject
		.gitignore = .gitignore
		LICENSE = LICENSE
		nuget.config = nuget.config
		README.md = README.md
	EndProjectSection
EndProject
Project("{2150E333-8FDC-42A3-9474-1A3956D46DE8}") = "test", "test", "{8C25F5EC-A53E-4B43-84E3-2E2D3C70B160}"
EndProject
Project("{9A19103F-16F7-4668-BE54-9A1E7A4F7556}") = "paule96.Onedrive.AlbumDownloader.Tests", "test\paule96.Onedrive.AlbumDownloader.Tests\paule96.Onedrive.AlbumDownloader.Tests.csproj", "{12800144-3D03-4121-90EC-5B773ADF1D78}"
EndProject
Project("{9A19103F-16F7-4668-BE54-9A1E7A4F7556}") = "paule96.Onedrive.AlbumDownloader.CLIParser", "src\paule96.Onedrive.AlbumDownloader.CLIParser\paule96.Onedrive.AlbumDownloader.CLIParser.csproj", "{6D051A77-2C99-4234-9B1D-EE3DF73648E3}"
EndProject
Global
	GlobalSection(SolutionConfigurationPlatforms) = preSolution
		Debug|Any CPU = Debug|Any CPU
		Release|Any CPU = Release|Any CPU
	EndGlobalSection
	GlobalSection(ProjectConfigurationPlatforms) = postSolution
		{CDF34E25-B75B-4F49-977E-65123FD839D2}.Debug|Any CPU.ActiveCfg = Debug|Any CPU
		{CDF34E25-B75B-4F49-977E-65123FD839D2}.Debug|Any CPU.Build.0 = Debug|Any CPU
		{CDF34E25-B75B-4F49-977E-65123FD839D2}.Release|Any CPU.ActiveCfg = Release|Any CPU
		{CDF34E25-B75B-4F49-977E-65123FD839D2}.Release|Any CPU.Build.0 = Release|Any CPU
		{12800144-3D03-4121-90EC-5B773ADF1D78}.Debug|Any CPU.ActiveCfg = Debug|Any CPU
		{12800144-3D03-4121-90EC-5B773ADF1D78}.Debug|Any CPU.Build.0 = Debug|Any CPU
		{12800144-3D03-4121-90EC-5B773ADF1D78}.Release|Any CPU.ActiveCfg = Release|Any CPU
		{12800144-3D03-4121-90EC-5B773ADF1D78}.Release|Any CPU.Build.0 = Release|Any CPU
		{6D051A77-2C99-4234-9B1D-EE3DF73648E3}.Debug|Any CPU.ActiveCfg = Debug|Any CPU
		{6D051A77-2C99-4234-9B1D-EE3DF73648E3}.Debug|Any CPU.Build.0 = Debug|Any CPU
		{6D051A77-2C99-4234-9B1D-EE3DF73648E3}.Release|Any CPU.ActiveCfg = Release|Any CPU
		{6D051A77-2C99-4234-9B1D-EE3DF73648E3}.Release|Any CPU.Build.0 = Release|Any CPU
	EndGlobalSection
	GlobalSection(SolutionProperties) = preSolution
		HideSolutionNode = FALSE
	EndGlobalSection
	GlobalSection(NestedProjects) = preSolution
		{CDF34E25-B75B-4F49-977E-65123FD839D2} = {2C2235B5-3EE3-4DE9-89B7-1E4881B8A959}
		{12800144-3D03-4121-90EC-5B773ADF1D78} = {8C25F5EC-A53E-4B43-84E3-2E2D3C70B160}
		{6D051A77-2C99-4234-9B1D-EE3DF73648E3} = {2C2235B5-3EE3-4DE9-89B7-1E4881B8A959}
	EndGlobalSection
	GlobalSection(ExtensibilityGlobals) = postSolution
		SolutionGuid = {2510D469-DB6E-4823-82D6-2BA033C2869E}
	EndGlobalSection
EndGlobal
